// !$*UTF8*$!
{
	archiveVersion = 1;
	classes = {
	};
	objectVersion = 56;
	objects = {

/* Begin PBXBuildFile section */
		EA59821929C57AA9001508A5 /* CKFarmWeatherApp.swift in Sources */ = {isa = PBXBuildFile; fileRef = EA59821829C57AA9001508A5 /* CKFarmWeatherApp.swift */; };
		EA59821B29C57AA9001508A5 /* CKContentView.swift in Sources */ = {isa = PBXBuildFile; fileRef = EA59821A29C57AA9001508A5 /* CKContentView.swift */; };
		EA59821D29C57AAA001508A5 /* Assets.xcassets in Resources */ = {isa = PBXBuildFile; fileRef = EA59821C29C57AAA001508A5 /* Assets.xcassets */; };
		EA59822029C57AAA001508A5 /* Preview Assets.xcassets in Resources */ = {isa = PBXBuildFile; fileRef = EA59821F29C57AAA001508A5 /* Preview Assets.xcassets */; };
		EA59822829C57D61001508A5 /* CKLocationManager.swift in Sources */ = {isa = PBXBuildFile; fileRef = EA59822729C57D61001508A5 /* CKLocationManager.swift */; };
		EA59822B29C57F11001508A5 /* CKWelcomeView.swift in Sources */ = {isa = PBXBuildFile; fileRef = EA59822A29C57F11001508A5 /* CKWelcomeView.swift */; };
		EA59822D29C58274001508A5 /* CKLoadingView.swift in Sources */ = {isa = PBXBuildFile; fileRef = EA59822C29C58274001508A5 /* CKLoadingView.swift */; };
		EA59822F29C5845D001508A5 /* CKWeatherManager.swift in Sources */ = {isa = PBXBuildFile; fileRef = EA59822E29C5845D001508A5 /* CKWeatherManager.swift */; };
		EA59823129C58B20001508A5 /* CKWeatherView.swift in Sources */ = {isa = PBXBuildFile; fileRef = EA59823029C58B20001508A5 /* CKWeatherView.swift */; };
		EA59823329C58BDA001508A5 /* CKModelData.swift in Sources */ = {isa = PBXBuildFile; fileRef = EA59823229C58BDA001508A5 /* CKModelData.swift */; };
		EA59823729C58D25001508A5 /* CKExtensions.swift in Sources */ = {isa = PBXBuildFile; fileRef = EA59823629C58D25001508A5 /* CKExtensions.swift */; };
		EA59823A29C59501001508A5 /* CKFarmWeatherRow.swift in Sources */ = {isa = PBXBuildFile; fileRef = EA59823929C59501001508A5 /* CKFarmWeatherRow.swift */; };
/* End PBXBuildFile section */

/* Begin PBXFileReference section */
		EA59821529C57AA9001508A5 /* CKFarmWeather.app */ = {isa = PBXFileReference; explicitFileType = wrapper.application; includeInIndex = 0; path = CKFarmWeather.app; sourceTree = BUILT_PRODUCTS_DIR; };
		EA59821829C57AA9001508A5 /* CKFarmWeatherApp.swift */ = {isa = PBXFileReference; lastKnownFileType = sourcecode.swift; path = CKFarmWeatherApp.swift; sourceTree = "<group>"; };
		EA59821A29C57AA9001508A5 /* CKContentView.swift */ = {isa = PBXFileReference; lastKnownFileType = sourcecode.swift; path = CKContentView.swift; sourceTree = "<group>"; };
		EA59821C29C57AAA001508A5 /* Assets.xcassets */ = {isa = PBXFileReference; lastKnownFileType = folder.assetcatalog; path = Assets.xcassets; sourceTree = "<group>"; };
		EA59821F29C57AAA001508A5 /* Preview Assets.xcassets */ = {isa = PBXFileReference; lastKnownFileType = folder.assetcatalog; path = "Preview Assets.xcassets"; sourceTree = "<group>"; };
		EA59822729C57D61001508A5 /* CKLocationManager.swift */ = {isa = PBXFileReference; lastKnownFileType = sourcecode.swift; path = CKLocationManager.swift; sourceTree = "<group>"; };
		EA59822A29C57F11001508A5 /* CKWelcomeView.swift */ = {isa = PBXFileReference; lastKnownFileType = sourcecode.swift; path = CKWelcomeView.swift; sourceTree = "<group>"; };
		EA59822C29C58274001508A5 /* CKLoadingView.swift */ = {isa = PBXFileReference; lastKnownFileType = sourcecode.swift; path = CKLoadingView.swift; sourceTree = "<group>"; };
		EA59822E29C5845D001508A5 /* CKWeatherManager.swift */ = {isa = PBXFileReference; lastKnownFileType = sourcecode.swift; path = CKWeatherManager.swift; sourceTree = "<group>"; };
		EA59823029C58B20001508A5 /* CKWeatherView.swift */ = {isa = PBXFileReference; lastKnownFileType = sourcecode.swift; path = CKWeatherView.swift; sourceTree = "<group>"; };
		EA59823229C58BDA001508A5 /* CKModelData.swift */ = {isa = PBXFileReference; lastKnownFileType = sourcecode.swift; path = CKModelData.swift; sourceTree = "<group>"; };
		EA59823629C58D25001508A5 /* CKExtensions.swift */ = {isa = PBXFileReference; lastKnownFileType = sourcecode.swift; path = CKExtensions.swift; sourceTree = "<group>"; };
		EA59823929C59501001508A5 /* CKFarmWeatherRow.swift */ = {isa = PBXFileReference; lastKnownFileType = sourcecode.swift; path = CKFarmWeatherRow.swift; sourceTree = "<group>"; };
/* End PBXFileReference section */

/* Begin PBXFrameworksBuildPhase section */
		EA59821229C57AA9001508A5 /* Frameworks */ = {
			isa = PBXFrameworksBuildPhase;
			buildActionMask = 2147483647;
			files = (
			);
			runOnlyForDeploymentPostprocessing = 0;
		};
/* End PBXFrameworksBuildPhase section */

/* Begin PBXGroup section */
		EA59820C29C57AA9001508A5 = {
			isa = PBXGroup;
			children = (
				EA59821729C57AA9001508A5 /* CKFarmWeather */,
				EA59821629C57AA9001508A5 /* Products */,
			);
			sourceTree = "<group>";
		};
		EA59821629C57AA9001508A5 /* Products */ = {
			isa = PBXGroup;
			children = (
				EA59821529C57AA9001508A5 /* CKFarmWeather.app */,
			);
			name = Products;
			sourceTree = "<group>";
		};
		EA59821729C57AA9001508A5 /* CKFarmWeather */ = {
			isa = PBXGroup;
			children = (
				EA59821829C57AA9001508A5 /* CKFarmWeatherApp.swift */,
				EA59823829C594EA001508A5 /* ViewModel */,
				EA59822629C57D49001508A5 /* Services */,
				EA59822929C57EA2001508A5 /* Views */,
				EA59821C29C57AAA001508A5 /* Assets.xcassets */,
				EA59821E29C57AAA001508A5 /* Preview Content */,
				EA59823629C58D25001508A5 /* CKExtensions.swift */,
			);
			path = CKFarmWeather;
			sourceTree = "<group>";
		};
		EA59821E29C57AAA001508A5 /* Preview Content */ = {
			isa = PBXGroup;
			children = (
				EA59821F29C57AAA001508A5 /* Preview Assets.xcassets */,
				EA59823229C58BDA001508A5 /* CKModelData.swift */,
			);
			path = "Preview Content";
			sourceTree = "<group>";
		};
		EA59822629C57D49001508A5 /* Services */ = {
			isa = PBXGroup;
			children = (
				EA59822729C57D61001508A5 /* CKLocationManager.swift */,
				EA59822E29C5845D001508A5 /* CKWeatherManager.swift */,
			);
			path = Services;
			sourceTree = "<group>";
		};
		EA59822929C57EA2001508A5 /* Views */ = {
			isa = PBXGroup;
			children = (
				EA59821A29C57AA9001508A5 /* CKContentView.swift */,
				EA59822A29C57F11001508A5 /* CKWelcomeView.swift */,
				EA59822C29C58274001508A5 /* CKLoadingView.swift */,
				EA59823029C58B20001508A5 /* CKWeatherView.swift */,
			);
			path = Views;
			sourceTree = "<group>";
		};
		EA59823829C594EA001508A5 /* ViewModel */ = {
			isa = PBXGroup;
			children = (
				EA59823929C59501001508A5 /* CKFarmWeatherRow.swift */,
			);
			path = ViewModel;
			sourceTree = "<group>";
		};
/* End PBXGroup section */

/* Begin PBXNativeTarget section */
		EA59821429C57AA9001508A5 /* CKFarmWeather */ = {
			isa = PBXNativeTarget;
			buildConfigurationList = EA59822329C57AAA001508A5 /* Build configuration list for PBXNativeTarget "CKFarmWeather" */;
			buildPhases = (
				EA59821129C57AA9001508A5 /* Sources */,
				EA59821229C57AA9001508A5 /* Frameworks */,
				EA59821329C57AA9001508A5 /* Resources */,
			);
			buildRules = (
			);
			dependencies = (
			);
			name = CKFarmWeather;
			productName = BetterWeather;
			productReference = EA59821529C57AA9001508A5 /* CKFarmWeather.app */;
			productType = "com.apple.product-type.application";
		};
/* End PBXNativeTarget section */

/* Begin PBXProject section */
		EA59820D29C57AA9001508A5 /* Project object */ = {
			isa = PBXProject;
			attributes = {
				BuildIndependentTargetsInParallel = 1;
				LastSwiftUpdateCheck = 1430;
				LastUpgradeCheck = 1420;
				TargetAttributes = {
					EA59821429C57AA9001508A5 = {
						CreatedOnToolsVersion = 14.2;
					};
				};
			};
			buildConfigurationList = EA59821029C57AA9001508A5 /* Build configuration list for PBXProject "CKFarmWeather" */;
			compatibilityVersion = "Xcode 14.0";
			developmentRegion = en;
			hasScannedForEncodings = 0;
			knownRegions = (
				en,
				Base,
			);
			mainGroup = EA59820C29C57AA9001508A5;
			productRefGroup = EA59821629C57AA9001508A5 /* Products */;
			projectDirPath = "";
			projectRoot = "";
			targets = (
				EA59821429C57AA9001508A5 /* CKFarmWeather */,
			);
		};
/* End PBXProject section */

/* Begin PBXResourcesBuildPhase section */
		EA59821329C57AA9001508A5 /* Resources */ = {
			isa = PBXResourcesBuildPhase;
			buildActionMask = 2147483647;
			files = (
				EA59822029C57AAA001508A5 /* Preview Assets.xcassets in Resources */,
				EA59821D29C57AAA001508A5 /* Assets.xcassets in Resources */,
			);
			runOnlyForDeploymentPostprocessing = 0;
		};
/* End PBXResourcesBuildPhase section */

/* Begin PBXSourcesBuildPhase section */
		EA59821129C57AA9001508A5 /* Sources */ = {
			isa = PBXSourcesBuildPhase;
			buildActionMask = 2147483647;
			files = (
				EA59822F29C5845D001508A5 /* CKWeatherManager.swift in Sources */,
				EA59823729C58D25001508A5 /* CKExtensions.swift in Sources */,
				EA59821B29C57AA9001508A5 /* CKContentView.swift in Sources */,
				EA59821929C57AA9001508A5 /* CKFarmWeatherApp.swift in Sources */,
				EA59822829C57D61001508A5 /* CKLocationManager.swift in Sources */,
				EA59823A29C59501001508A5 /* CKFarmWeatherRow.swift in Sources */,
				EA59822D29C58274001508A5 /* CKLoadingView.swift in Sources */,
				EA59823329C58BDA001508A5 /* CKModelData.swift in Sources */,
				EA59823129C58B20001508A5 /* CKWeatherView.swift in Sources */,
				EA59822B29C57F11001508A5 /* CKWelcomeView.swift in Sources */,
			);
			runOnlyForDeploymentPostprocessing = 0;
		};
/* End PBXSourcesBuildPhase section */

/* Begin XCBuildConfiguration section */
		EA59822129C57AAA001508A5 /* Debug */ = {
			isa = XCBuildConfiguration;
			buildSettings = {
				ALWAYS_SEARCH_USER_PATHS = NO;
				CLANG_ANALYZER_NONNULL = YES;
				CLANG_ANALYZER_NUMBER_OBJECT_CONVERSION = YES_AGGRESSIVE;
				CLANG_CXX_LANGUAGE_STANDARD = "gnu++20";
				CLANG_ENABLE_MODULES = YES;
				CLANG_ENABLE_OBJC_ARC = YES;
				CLANG_ENABLE_OBJC_WEAK = YES;
				CLANG_WARN_BLOCK_CAPTURE_AUTORELEASING = YES;
				CLANG_WARN_BOOL_CONVERSION = YES;
				CLANG_WARN_COMMA = YES;
				CLANG_WARN_CONSTANT_CONVERSION = YES;
				CLANG_WARN_DEPRECATED_OBJC_IMPLEMENTATIONS = YES;
				CLANG_WARN_DIRECT_OBJC_ISA_USAGE = YES_ERROR;
				CLANG_WARN_DOCUMENTATION_COMMENTS = YES;
				CLANG_WARN_EMPTY_BODY = YES;
				CLANG_WARN_ENUM_CONVERSION = YES;
				CLANG_WARN_INFINITE_RECURSION = YES;
				CLANG_WARN_INT_CONVERSION = YES;
				CLANG_WARN_NON_LITERAL_NULL_CONVERSION = YES;
				CLANG_WARN_OBJC_IMPLICIT_RETAIN_SELF = YES;
				CLANG_WARN_OBJC_LITERAL_CONVERSION = YES;
				CLANG_WARN_OBJC_ROOT_CLASS = YES_ERROR;
				CLANG_WARN_QUOTED_INCLUDE_IN_FRAMEWORK_HEADER = YES;
				CLANG_WARN_RANGE_LOOP_ANALYSIS = YES;
				CLANG_WARN_STRICT_PROTOTYPES = YES;
				CLANG_WARN_SUSPICIOUS_MOVE = YES;
				CLANG_WARN_UNGUARDED_AVAILABILITY = YES_AGGRESSIVE;
				CLANG_WARN_UNREACHABLE_CODE = YES;
				CLANG_WARN__DUPLICATE_METHOD_MATCH = YES;
				COPY_PHASE_STRIP = NO;
				DEBUG_INFORMATION_FORMAT = dwarf;
				ENABLE_STRICT_OBJC_MSGSEND = YES;
				ENABLE_TESTABILITY = YES;
				GCC_C_LANGUAGE_STANDARD = gnu11;
				GCC_DYNAMIC_NO_PIC = NO;
				GCC_NO_COMMON_BLOCKS = YES;
				GCC_OPTIMIZATION_LEVEL = 0;
				GCC_PREPROCESSOR_DEFINITIONS = (
					"DEBUG=1",
					"$(inherited)",
				);
				GCC_WARN_64_TO_32_BIT_CONVERSION = YES;
				GCC_WARN_ABOUT_RETURN_TYPE = YES_ERROR;
				GCC_WARN_UNDECLARED_SELECTOR = YES;
				GCC_WARN_UNINITIALIZED_AUTOS = YES_AGGRESSIVE;
				GCC_WARN_UNUSED_FUNCTION = YES;
				GCC_WARN_UNUSED_VARIABLE = YES;
				IPHONEOS_DEPLOYMENT_TARGET = 15.5;
				MTL_ENABLE_DEBUG_INFO = INCLUDE_SOURCE;
				MTL_FAST_MATH = YES;
				ONLY_ACTIVE_ARCH = YES;
				SDKROOT = iphoneos;
				SWIFT_ACTIVE_COMPILATION_CONDITIONS = DEBUG;
				SWIFT_OPTIMIZATION_LEVEL = "-Onone";
			};
			name = Debug;
		};
		EA59822229C57AAA001508A5 /* Release */ = {
			isa = XCBuildConfiguration;
			buildSettings = {
				ALWAYS_SEARCH_USER_PATHS = NO;
				CLANG_ANALYZER_NONNULL = YES;
				CLANG_ANALYZER_NUMBER_OBJECT_CONVERSION = YES_AGGRESSIVE;
				CLANG_CXX_LANGUAGE_STANDARD = "gnu++20";
				CLANG_ENABLE_MODULES = YES;
				CLANG_ENABLE_OBJC_ARC = YES;
				CLANG_ENABLE_OBJC_WEAK = YES;
				CLANG_WARN_BLOCK_CAPTURE_AUTORELEASING = YES;
				CLANG_WARN_BOOL_CONVERSION = YES;
				CLANG_WARN_COMMA = YES;
				CLANG_WARN_CONSTANT_CONVERSION = YES;
				CLANG_WARN_DEPRECATED_OBJC_IMPLEMENTATIONS = YES;
				CLANG_WARN_DIRECT_OBJC_ISA_USAGE = YES_ERROR;
				CLANG_WARN_DOCUMENTATION_COMMENTS = YES;
				CLANG_WARN_EMPTY_BODY = YES;
				CLANG_WARN_ENUM_CONVERSION = YES;
				CLANG_WARN_INFINITE_RECURSION = YES;
				CLANG_WARN_INT_CONVERSION = YES;
				CLANG_WARN_NON_LITERAL_NULL_CONVERSION = YES;
				CLANG_WARN_OBJC_IMPLICIT_RETAIN_SELF = YES;
				CLANG_WARN_OBJC_LITERAL_CONVERSION = YES;
				CLANG_WARN_OBJC_ROOT_CLASS = YES_ERROR;
				CLANG_WARN_QUOTED_INCLUDE_IN_FRAMEWORK_HEADER = YES;
				CLANG_WARN_RANGE_LOOP_ANALYSIS = YES;
				CLANG_WARN_STRICT_PROTOTYPES = YES;
				CLANG_WARN_SUSPICIOUS_MOVE = YES;
				CLANG_WARN_UNGUARDED_AVAILABILITY = YES_AGGRESSIVE;
				CLANG_WARN_UNREACHABLE_CODE = YES;
				CLANG_WARN__DUPLICATE_METHOD_MATCH = YES;
				COPY_PHASE_STRIP = NO;
				DEBUG_INFORMATION_FORMAT = "dwarf-with-dsym";
				ENABLE_NS_ASSERTIONS = NO;
				ENABLE_STRICT_OBJC_MSGSEND = YES;
				GCC_C_LANGUAGE_STANDARD = gnu11;
				GCC_NO_COMMON_BLOCKS = YES;
				GCC_WARN_64_TO_32_BIT_CONVERSION = YES;
				GCC_WARN_ABOUT_RETURN_TYPE = YES_ERROR;
				GCC_WARN_UNDECLARED_SELECTOR = YES;
				GCC_WARN_UNINITIALIZED_AUTOS = YES_AGGRESSIVE;
				GCC_WARN_UNUSED_FUNCTION = YES;
				GCC_WARN_UNUSED_VARIABLE = YES;
				IPHONEOS_DEPLOYMENT_TARGET = 15.5;
				MTL_ENABLE_DEBUG_INFO = NO;
				MTL_FAST_MATH = YES;
				SDKROOT = iphoneos;
				SWIFT_COMPILATION_MODE = wholemodule;
				SWIFT_OPTIMIZATION_LEVEL = "-O";
				VALIDATE_PRODUCT = YES;
			};
			name = Release;
		};
		EA59822429C57AAA001508A5 /* Debug */ = {
			isa = XCBuildConfiguration;
			buildSettings = {
				ASSETCATALOG_COMPILER_APPICON_NAME = AppIcon;
				ASSETCATALOG_COMPILER_GLOBAL_ACCENT_COLOR_NAME = AccentColor;
				CODE_SIGN_STYLE = Automatic;
				CURRENT_PROJECT_VERSION = 1;
				DEVELOPMENT_ASSET_PATHS = "\"CKFarmWeather/Preview Content\"";
				DEVELOPMENT_TEAM = X96LFMR27R;
				ENABLE_PREVIEWS = YES;
				GENERATE_INFOPLIST_FILE = YES;
				INFOPLIST_KEY_LSApplicationCategoryType = "public.app-category.weather";
				INFOPLIST_KEY_UIApplicationSceneManifest_Generation = YES;
				INFOPLIST_KEY_UIApplicationSupportsIndirectInputEvents = YES;
				INFOPLIST_KEY_UILaunchScreen_Generation = YES;
				INFOPLIST_KEY_UISupportedInterfaceOrientations_iPad = "UIInterfaceOrientationPortrait UIInterfaceOrientationPortraitUpsideDown UIInterfaceOrientationLandscapeLeft UIInterfaceOrientationLandscapeRight";
				INFOPLIST_KEY_UISupportedInterfaceOrientations_iPhone = "UIInterfaceOrientationPortrait UIInterfaceOrientationLandscapeLeft UIInterfaceOrientationLandscapeRight";
				IPHONEOS_DEPLOYMENT_TARGET = 15.0;
				LD_RUNPATH_SEARCH_PATHS = (
					"$(inherited)",
					"@executable_path/Frameworks",
				);
				MARKETING_VERSION = 1.0;
				PRODUCT_BUNDLE_IDENTIFIER = com.randallBowles.ckfarmweather;
				PRODUCT_NAME = "$(TARGET_NAME)";
				SWIFT_EMIT_LOC_STRINGS = YES;
				SWIFT_VERSION = 5.0;
				TARGETED_DEVICE_FAMILY = "1,2";
			};
			name = Debug;
		};
		EA59822529C57AAA001508A5 /* Release */ = {
			isa = XCBuildConfiguration;
			buildSettings = {
				ASSETCATALOG_COMPILER_APPICON_NAME = AppIcon;
				ASSETCATALOG_COMPILER_GLOBAL_ACCENT_COLOR_NAME = AccentColor;
				CODE_SIGN_STYLE = Automatic;
				CURRENT_PROJECT_VERSION = 1;
				DEVELOPMENT_ASSET_PATHS = "\"CKFarmWeather/Preview Content\"";
				DEVELOPMENT_TEAM = X96LFMR27R;
				ENABLE_PREVIEWS = YES;
				GENERATE_INFOPLIST_FILE = YES;
				INFOPLIST_KEY_LSApplicationCategoryType = "public.app-category.weather";
				INFOPLIST_KEY_UIApplicationSceneManifest_Generation = YES;
				INFOPLIST_KEY_UIApplicationSupportsIndirectInputEvents = YES;
				INFOPLIST_KEY_UILaunchScreen_Generation = YES;
				INFOPLIST_KEY_UISupportedInterfaceOrientations_iPad = "UIInterfaceOrientationPortrait UIInterfaceOrientationPortraitUpsideDown UIInterfaceOrientationLandscapeLeft UIInterfaceOrientationLandscapeRight";
				INFOPLIST_KEY_UISupportedInterfaceOrientations_iPhone = "UIInterfaceOrientationPortrait UIInterfaceOrientationLandscapeLeft UIInterfaceOrientationLandscapeRight";
				IPHONEOS_DEPLOYMENT_TARGET = 15.0;
				LD_RUNPATH_SEARCH_PATHS = (
					"$(inherited)",
					"@executable_path/Frameworks",
				);
				MARKETING_VERSION = 1.0;
				PRODUCT_BUNDLE_IDENTIFIER = com.randallBowles.ckfarmweather;
				PRODUCT_NAME = "$(TARGET_NAME)";
				SWIFT_EMIT_LOC_STRINGS = YES;
				SWIFT_VERSION = 5.0;
				TARGETED_DEVICE_FAMILY = "1,2";
			};
			name = Release;
		};
/* End XCBuildConfiguration section */

/* Begin XCConfigurationList section */
		EA59821029C57AA9001508A5 /* Build configuration list for PBXProject "CKFarmWeather" */ = {
			isa = XCConfigurationList;
			buildConfigurations = (
				EA59822129C57AAA001508A5 /* Debug */,
				EA59822229C57AAA001508A5 /* Release */,
			);
			defaultConfigurationIsVisible = 0;
			defaultConfigurationName = Release;
		};
		EA59822329C57AAA001508A5 /* Build configuration list for PBXNativeTarget "CKFarmWeather" */ = {
			isa = XCConfigurationList;
			buildConfigurations = (
				EA59822429C57AAA001508A5 /* Debug */,
				EA59822529C57AAA001508A5 /* Release */,
			);
			defaultConfigurationIsVisible = 0;
			defaultConfigurationName = Release;
		};
/* End XCConfigurationList section */
	};
	rootObject = EA59820D29C57AA9001508A5 /* Project object */;
}
